
Microsoft Visual Studio Solution File, Format Version 12.00
# Visual Studio Version 16
VisualStudioVersion = 16.0.32126.315
MinimumVisualStudioVersion = 10.0.40219.1
Project("{FAE04EC0-301F-11D3-BF4B-00C04F79EFBC}") = "appColores", "appColores\appColores.csproj", "{95CB83C0-FD2E-4C03-8E62-29A7B5DB3BFC}"
EndProject
Global
	GlobalSection(SolutionConfigurationPlatforms) = preSolution
		Debug|Any CPU = Debug|Any CPU
		Release|Any CPU = Release|Any CPU
	EndGlobalSection
	GlobalSection(ProjectConfigurationPlatforms) = postSolution
		{95CB83C0-FD2E-4C03-8E62-29A7B5DB3BFC}.Debug|Any CPU.ActiveCfg = Debug|Any CPU
		{95CB83C0-FD2E-4C03-8E62-29A7B5DB3BFC}.Debug|Any CPU.Build.0 = Debug|Any CPU
		{95CB83C0-FD2E-4C03-8E62-29A7B5DB3BFC}.Release|Any CPU.ActiveCfg = Release|Any CPU
		{95CB83C0-FD2E-4C03-8E62-29A7B5DB3BFC}.Release|Any CPU.Build.0 = Release|Any CPU
	EndGlobalSection
	GlobalSection(SolutionProperties) = preSolution
		HideSolutionNode = FALSE
	EndGlobalSection
	GlobalSection(ExtensibilityGlobals) = postSolution
		SolutionGuid = {57E4B0EA-375A-45F5-98A1-AE2DEB7F426E}
	EndGlobalSection
EndGlobal
